
Microsoft Visual Studio Solution File, Format Version 11.00
# Visual Studio 2010
Project("{FAE04EC0-301F-11D3-BF4B-00C04F79EFBC}") = "AppTracking", "AppTracking\AppTracking.csproj", "{7217B7EE-1116-436B-8369-E26E04E5FDE5}"
EndProject
Global
	GlobalSection(SolutionConfigurationPlatforms) = preSolution
		Debug|x86 = Debug|x86
		Release|x86 = Release|x86
	EndGlobalSection
	GlobalSection(ProjectConfigurationPlatforms) = postSolution
		{7217B7EE-1116-436B-8369-E26E04E5FDE5}.Debug|x86.ActiveCfg = Debug|x86
		{7217B7EE-1116-436B-8369-E26E04E5FDE5}.Debug|x86.Build.0 = Debug|x86
		{7217B7EE-1116-436B-8369-E26E04E5FDE5}.Release|x86.ActiveCfg = Release|x86
		{7217B7EE-1116-436B-8369-E26E04E5FDE5}.Release|x86.Build.0 = Release|x86
	EndGlobalSection
	GlobalSection(SolutionProperties) = preSolution
		HideSolutionNode = FALSE
	EndGlobalSection
EndGlobal
